{
    "_meta": {
        "hash": {
            "sha256": "de756f1c3662d0e69ad257d78e51f1f65c15b1c9570b1bc76d2c51ccdafbad57"
        },
        "pipfile-spec": 6,
        "requires": {
            "python_version": "3.6"
        },
        "sources": [
            {
                "name": "pypi",
                "url": "https://pypi.org/simple",
                "verify_ssl": true
            }
        ]
    },
    "default": {
        "pytz": {
            "hashes": [
                "sha256:054d9814d00254571cff84f6faedb25c046008322cbe51a6d5664c912b4f2929",
                "sha256:6eab31709e3a4aea748457707da45e805b650cbb352583805d2417de2a1dd71e",
                "sha256:8787de03f35f31699bcaf127e56ad14c00647965ed24d72dbaca87c6e4f843a3",
                "sha256:c6fe748ed6c676d9404b47897cfb399c514fb7428298465c8a3310ee5a2a0ec9"
            ],
            "index": "pypi",
            "version": "==2016.7"
        }
    },
    "develop": {}
}
